// !$*UTF8*$!
{
	archiveVersion = 1;
	classes = {
	};
	objectVersion = 55;
	objects = {

/* Begin PBXBuildFile section */
		238C1EA399B08FEC51D38F84 /* Pods_PanCard.framework in Frameworks */ = {isa = PBXBuildFile; fileRef = F7440CA0315C111FC43DFE6E /* Pods_PanCard.framework */; };
		BF5B9DD42837162A00361D41 /* BaseViewController.swift in Sources */ = {isa = PBXBuildFile; fileRef = BF5B9DD32837162A00361D41 /* BaseViewController.swift */; };
		BF5DCE82283328B400D52EF6 /* AppDelegate.swift in Sources */ = {isa = PBXBuildFile; fileRef = BF5DCE81283328B400D52EF6 /* AppDelegate.swift */; };
		BF5DCE84283328B400D52EF6 /* SceneDelegate.swift in Sources */ = {isa = PBXBuildFile; fileRef = BF5DCE83283328B400D52EF6 /* SceneDelegate.swift */; };
		BF5DCE89283328B400D52EF6 /* Main.storyboard in Resources */ = {isa = PBXBuildFile; fileRef = BF5DCE87283328B400D52EF6 /* Main.storyboard */; };
		BF5DCE8E283328B500D52EF6 /* Assets.xcassets in Resources */ = {isa = PBXBuildFile; fileRef = BF5DCE8D283328B500D52EF6 /* Assets.xcassets */; };
		BF5DCE91283328B500D52EF6 /* LaunchScreen.storyboard in Resources */ = {isa = PBXBuildFile; fileRef = BF5DCE8F283328B500D52EF6 /* LaunchScreen.storyboard */; };
		BF5DCE9F2834588600D52EF6 /* LoginViewController.swift in Sources */ = {isa = PBXBuildFile; fileRef = BF5DCE9E2834588600D52EF6 /* LoginViewController.swift */; };
		BF5DCEA12834589800D52EF6 /* RegisterViewController.swift in Sources */ = {isa = PBXBuildFile; fileRef = BF5DCEA02834589800D52EF6 /* RegisterViewController.swift */; };
		BF5DCEA3283458AB00D52EF6 /* ProfileViewController.swift in Sources */ = {isa = PBXBuildFile; fileRef = BF5DCEA2283458AB00D52EF6 /* ProfileViewController.swift */; };
		BF5DCEA6283458E200D52EF6 /* PanCardViewController.swift in Sources */ = {isa = PBXBuildFile; fileRef = BF5DCEA5283458E200D52EF6 /* PanCardViewController.swift */; };
		BF5DCEA92834590D00D52EF6 /* ScanQRCodeViewController.swift in Sources */ = {isa = PBXBuildFile; fileRef = BF5DCEA82834590D00D52EF6 /* ScanQRCodeViewController.swift */; };
		BF5DCEAB2834592A00D52EF6 /* ShowCardsViewController.swift in Sources */ = {isa = PBXBuildFile; fileRef = BF5DCEAA2834592A00D52EF6 /* ShowCardsViewController.swift */; };
		BF5DCEAE2835A22A00D52EF6 /* HexString.swift in Sources */ = {isa = PBXBuildFile; fileRef = BF5DCEAD2835A22A00D52EF6 /* HexString.swift */; };
		BF5DCEB0283667C300D52EF6 /* FontProvider.swift in Sources */ = {isa = PBXBuildFile; fileRef = BF5DCEAF283667C300D52EF6 /* FontProvider.swift */; };
		BF5DCEB628367E5000D52EF6 /* BorderButton.swift in Sources */ = {isa = PBXBuildFile; fileRef = BF5DCEB528367E5000D52EF6 /* BorderButton.swift */; };
		BF5DCEB82836816D00D52EF6 /* BorderTextField.swift in Sources */ = {isa = PBXBuildFile; fileRef = BF5DCEB72836816D00D52EF6 /* BorderTextField.swift */; };
/* End PBXBuildFile section */

/* Begin PBXFileReference section */
		BF5B9DD32837162A00361D41 /* BaseViewController.swift */ = {isa = PBXFileReference; lastKnownFileType = sourcecode.swift; path = BaseViewController.swift; sourceTree = "<group>"; };
		BF5DCE7E283328B400D52EF6 /* PanCard.app */ = {isa = PBXFileReference; explicitFileType = wrapper.application; includeInIndex = 0; path = PanCard.app; sourceTree = BUILT_PRODUCTS_DIR; };
		BF5DCE81283328B400D52EF6 /* AppDelegate.swift */ = {isa = PBXFileReference; lastKnownFileType = sourcecode.swift; path = AppDelegate.swift; sourceTree = "<group>"; };
		BF5DCE83283328B400D52EF6 /* SceneDelegate.swift */ = {isa = PBXFileReference; lastKnownFileType = sourcecode.swift; path = SceneDelegate.swift; sourceTree = "<group>"; };
		BF5DCE88283328B400D52EF6 /* Base */ = {isa = PBXFileReference; lastKnownFileType = file.storyboard; name = Base; path = Base.lproj/Main.storyboard; sourceTree = "<group>"; };
		BF5DCE8D283328B500D52EF6 /* Assets.xcassets */ = {isa = PBXFileReference; lastKnownFileType = folder.assetcatalog; path = Assets.xcassets; sourceTree = "<group>"; };
		BF5DCE90283328B500D52EF6 /* Base */ = {isa = PBXFileReference; lastKnownFileType = file.storyboard; name = Base; path = Base.lproj/LaunchScreen.storyboard; sourceTree = "<group>"; };
		BF5DCE92283328B500D52EF6 /* Info.plist */ = {isa = PBXFileReference; lastKnownFileType = text.plist.xml; path = Info.plist; sourceTree = "<group>"; };
		BF5DCE9E2834588600D52EF6 /* LoginViewController.swift */ = {isa = PBXFileReference; lastKnownFileType = sourcecode.swift; path = LoginViewController.swift; sourceTree = "<group>"; };
		BF5DCEA02834589800D52EF6 /* RegisterViewController.swift */ = {isa = PBXFileReference; lastKnownFileType = sourcecode.swift; path = RegisterViewController.swift; sourceTree = "<group>"; };
		BF5DCEA2283458AB00D52EF6 /* ProfileViewController.swift */ = {isa = PBXFileReference; lastKnownFileType = sourcecode.swift; path = ProfileViewController.swift; sourceTree = "<group>"; };
		BF5DCEA5283458E200D52EF6 /* PanCardViewController.swift */ = {isa = PBXFileReference; lastKnownFileType = sourcecode.swift; path = PanCardViewController.swift; sourceTree = "<group>"; };
		BF5DCEA82834590D00D52EF6 /* ScanQRCodeViewController.swift */ = {isa = PBXFileReference; lastKnownFileType = sourcecode.swift; path = ScanQRCodeViewController.swift; sourceTree = "<group>"; };
		BF5DCEAA2834592A00D52EF6 /* ShowCardsViewController.swift */ = {isa = PBXFileReference; lastKnownFileType = sourcecode.swift; path = ShowCardsViewController.swift; sourceTree = "<group>"; };
		BF5DCEAD2835A22A00D52EF6 /* HexString.swift */ = {isa = PBXFileReference; lastKnownFileType = sourcecode.swift; path = HexString.swift; sourceTree = "<group>"; };
		BF5DCEAF283667C300D52EF6 /* FontProvider.swift */ = {isa = PBXFileReference; lastKnownFileType = sourcecode.swift; path = FontProvider.swift; sourceTree = "<group>"; };
		BF5DCEB528367E5000D52EF6 /* BorderButton.swift */ = {isa = PBXFileReference; lastKnownFileType = sourcecode.swift; path = BorderButton.swift; sourceTree = "<group>"; };
		BF5DCEB72836816D00D52EF6 /* BorderTextField.swift */ = {isa = PBXFileReference; lastKnownFileType = sourcecode.swift; path = BorderTextField.swift; sourceTree = "<group>"; };
		C6AB2CE77A935BD97FE1B35E /* Pods-PanCard.debug.xcconfig */ = {isa = PBXFileReference; includeInIndex = 1; lastKnownFileType = text.xcconfig; name = "Pods-PanCard.debug.xcconfig"; path = "Target Support Files/Pods-PanCard/Pods-PanCard.debug.xcconfig"; sourceTree = "<group>"; };
		D0A23031564E5720C5AD085B /* Pods-PanCard.release.xcconfig */ = {isa = PBXFileReference; includeInIndex = 1; lastKnownFileType = text.xcconfig; name = "Pods-PanCard.release.xcconfig"; path = "Target Support Files/Pods-PanCard/Pods-PanCard.release.xcconfig"; sourceTree = "<group>"; };
		F7440CA0315C111FC43DFE6E /* Pods_PanCard.framework */ = {isa = PBXFileReference; explicitFileType = wrapper.framework; includeInIndex = 0; path = Pods_PanCard.framework; sourceTree = BUILT_PRODUCTS_DIR; };
/* End PBXFileReference section */

/* Begin PBXFrameworksBuildPhase section */
		BF5DCE7B283328B400D52EF6 /* Frameworks */ = {
			isa = PBXFrameworksBuildPhase;
			buildActionMask = 2147483647;
			files = (
				238C1EA399B08FEC51D38F84 /* Pods_PanCard.framework in Frameworks */,
			);
			runOnlyForDeploymentPostprocessing = 0;
		};
/* End PBXFrameworksBuildPhase section */

/* Begin PBXGroup section */
		69D88019A57D88DEB8D5CF39 /* Frameworks */ = {
			isa = PBXGroup;
			children = (
				F7440CA0315C111FC43DFE6E /* Pods_PanCard.framework */,
			);
			name = Frameworks;
			sourceTree = "<group>";
		};
		AEC2F065B4B1A029FD94B64F /* Pods */ = {
			isa = PBXGroup;
			children = (
				C6AB2CE77A935BD97FE1B35E /* Pods-PanCard.debug.xcconfig */,
				D0A23031564E5720C5AD085B /* Pods-PanCard.release.xcconfig */,
			);
			name = Pods;
			path = Pods;
			sourceTree = "<group>";
		};
		BF5DCE75283328B400D52EF6 = {
			isa = PBXGroup;
			children = (
				BF5DCE80283328B400D52EF6 /* PanCard */,
				BF5DCE7F283328B400D52EF6 /* Products */,
				AEC2F065B4B1A029FD94B64F /* Pods */,
				69D88019A57D88DEB8D5CF39 /* Frameworks */,
			);
			sourceTree = "<group>";
		};
		BF5DCE7F283328B400D52EF6 /* Products */ = {
			isa = PBXGroup;
			children = (
				BF5DCE7E283328B400D52EF6 /* PanCard.app */,
			);
			name = Products;
			sourceTree = "<group>";
		};
		BF5DCE80283328B400D52EF6 /* PanCard */ = {
			isa = PBXGroup;
			children = (
				BF5DCEB1283667C900D52EF6 /* Common */,
				BF5DCEAC2835A1A000D52EF6 /* Extension */,
				BF5DCE9B28332A9900D52EF6 /* Resources */,
				BF5DCE9828332A7800D52EF6 /* Controllers */,
				BF5DCE9C28332ACF00D52EF6 /* Views */,
				BF5DCE9A28332A8B00D52EF6 /* ViewModels */,
				BF5DCE9928332A8400D52EF6 /* Models */,
				BF5DCE92283328B500D52EF6 /* Info.plist */,
			);
			path = PanCard;
			sourceTree = "<group>";
		};
		BF5DCE9828332A7800D52EF6 /* Controllers */ = {
			isa = PBXGroup;
			children = (
				BF5B9DD32837162A00361D41 /* BaseViewController.swift */,
				BF5DCE9E2834588600D52EF6 /* LoginViewController.swift */,
				BF5DCEA02834589800D52EF6 /* RegisterViewController.swift */,
				BF5DCEA2283458AB00D52EF6 /* ProfileViewController.swift */,
				BF5DCEA5283458E200D52EF6 /* PanCardViewController.swift */,
				BF5DCEA82834590D00D52EF6 /* ScanQRCodeViewController.swift */,
				BF5DCEAA2834592A00D52EF6 /* ShowCardsViewController.swift */,
			);
			path = Controllers;
			sourceTree = "<group>";
		};
		BF5DCE9928332A8400D52EF6 /* Models */ = {
			isa = PBXGroup;
			children = (
			);
			path = Models;
			sourceTree = "<group>";
		};
		BF5DCE9A28332A8B00D52EF6 /* ViewModels */ = {
			isa = PBXGroup;
			children = (
			);
			path = ViewModels;
			sourceTree = "<group>";
		};
		BF5DCE9B28332A9900D52EF6 /* Resources */ = {
			isa = PBXGroup;
			children = (
				BF5DCE81283328B400D52EF6 /* AppDelegate.swift */,
				BF5DCE83283328B400D52EF6 /* SceneDelegate.swift */,
			);
			path = Resources;
			sourceTree = "<group>";
		};
		BF5DCE9C28332ACF00D52EF6 /* Views */ = {
			isa = PBXGroup;
			children = (
				BF5DCEB428367E3B00D52EF6 /* CustomView */,
				BF5DCE9D28332AE000D52EF6 /* Storyboard */,
				BF5DCE8D283328B500D52EF6 /* Assets.xcassets */,
			);
			path = Views;
			sourceTree = "<group>";
		};
		BF5DCE9D28332AE000D52EF6 /* Storyboard */ = {
			isa = PBXGroup;
			children = (
				BF5DCE87283328B400D52EF6 /* Main.storyboard */,
				BF5DCE8F283328B500D52EF6 /* LaunchScreen.storyboard */,
			);
			path = Storyboard;
			sourceTree = "<group>";
		};
		BF5DCEAC2835A1A000D52EF6 /* Extension */ = {
			isa = PBXGroup;
			children = (
				BF5DCEAD2835A22A00D52EF6 /* HexString.swift */,
			);
			path = Extension;
			sourceTree = "<group>";
		};
		BF5DCEB1283667C900D52EF6 /* Common */ = {
			isa = PBXGroup;
			children = (
				BF5DCEAF283667C300D52EF6 /* FontProvider.swift */,
			);
			path = Common;
			sourceTree = "<group>";
		};
		BF5DCEB428367E3B00D52EF6 /* CustomView */ = {
			isa = PBXGroup;
			children = (
				BF5DCEB528367E5000D52EF6 /* BorderButton.swift */,
				BF5DCEB72836816D00D52EF6 /* BorderTextField.swift */,
			);
			path = CustomView;
			sourceTree = "<group>";
		};
/* End PBXGroup section */

/* Begin PBXNativeTarget section */
		BF5DCE7D283328B400D52EF6 /* PanCard */ = {
			isa = PBXNativeTarget;
			buildConfigurationList = BF5DCE95283328B500D52EF6 /* Build configuration list for PBXNativeTarget "PanCard" */;
			buildPhases = (
				39A34F0FE22C42182685749E /* [CP] Check Pods Manifest.lock */,
				BF5DCE7A283328B400D52EF6 /* Sources */,
				BF5DCE7B283328B400D52EF6 /* Frameworks */,
				BF5DCE7C283328B400D52EF6 /* Resources */,
				72B740415A6EA0235FE5940C /* [CP] Embed Pods Frameworks */,
			);
			buildRules = (
			);
			dependencies = (
			);
			name = PanCard;
			productName = PanCard;
			productReference = BF5DCE7E283328B400D52EF6 /* PanCard.app */;
			productType = "com.apple.product-type.application";
		};
/* End PBXNativeTarget section */

/* Begin PBXProject section */
		BF5DCE76283328B400D52EF6 /* Project object */ = {
			isa = PBXProject;
			attributes = {
				BuildIndependentTargetsInParallel = 1;
				LastSwiftUpdateCheck = 1330;
				LastUpgradeCheck = 1330;
				TargetAttributes = {
					BF5DCE7D283328B400D52EF6 = {
						CreatedOnToolsVersion = 13.3.1;
					};
				};
			};
			buildConfigurationList = BF5DCE79283328B400D52EF6 /* Build configuration list for PBXProject "PanCard" */;
			compatibilityVersion = "Xcode 13.0";
			developmentRegion = en;
			hasScannedForEncodings = 0;
			knownRegions = (
				en,
				Base,
			);
			mainGroup = BF5DCE75283328B400D52EF6;
			productRefGroup = BF5DCE7F283328B400D52EF6 /* Products */;
			projectDirPath = "";
			projectRoot = "";
			targets = (
				BF5DCE7D283328B400D52EF6 /* PanCard */,
			);
		};
/* End PBXProject section */

/* Begin PBXResourcesBuildPhase section */
		BF5DCE7C283328B400D52EF6 /* Resources */ = {
			isa = PBXResourcesBuildPhase;
			buildActionMask = 2147483647;
			files = (
				BF5DCE91283328B500D52EF6 /* LaunchScreen.storyboard in Resources */,
				BF5DCE8E283328B500D52EF6 /* Assets.xcassets in Resources */,
				BF5DCE89283328B400D52EF6 /* Main.storyboard in Resources */,
			);
			runOnlyForDeploymentPostprocessing = 0;
		};
/* End PBXResourcesBuildPhase section */

/* Begin PBXShellScriptBuildPhase section */
		39A34F0FE22C42182685749E /* [CP] Check Pods Manifest.lock */ = {
			isa = PBXShellScriptBuildPhase;
			buildActionMask = 2147483647;
			files = (
			);
			inputFileListPaths = (
			);
			inputPaths = (
				"${PODS_PODFILE_DIR_PATH}/Podfile.lock",
				"${PODS_ROOT}/Manifest.lock",
			);
			name = "[CP] Check Pods Manifest.lock";
			outputFileListPaths = (
			);
			outputPaths = (
				"$(DERIVED_FILE_DIR)/Pods-PanCard-checkManifestLockResult.txt",
			);
			runOnlyForDeploymentPostprocessing = 0;
			shellPath = /bin/sh;
			shellScript = "diff \"${PODS_PODFILE_DIR_PATH}/Podfile.lock\" \"${PODS_ROOT}/Manifest.lock\" > /dev/null\nif [ $? != 0 ] ; then\n    # print error to STDERR\n    echo \"error: The sandbox is not in sync with the Podfile.lock. Run 'pod install' or update your CocoaPods installation.\" >&2\n    exit 1\nfi\n# This output is used by Xcode 'outputs' to avoid re-running this script phase.\necho \"SUCCESS\" > \"${SCRIPT_OUTPUT_FILE_0}\"\n";
			showEnvVarsInLog = 0;
		};
		72B740415A6EA0235FE5940C /* [CP] Embed Pods Frameworks */ = {
			isa = PBXShellScriptBuildPhase;
			buildActionMask = 2147483647;
			files = (
			);
			inputFileListPaths = (
				"${PODS_ROOT}/Target Support Files/Pods-PanCard/Pods-PanCard-frameworks-${CONFIGURATION}-input-files.xcfilelist",
			);
			name = "[CP] Embed Pods Frameworks";
			outputFileListPaths = (
				"${PODS_ROOT}/Target Support Files/Pods-PanCard/Pods-PanCard-frameworks-${CONFIGURATION}-output-files.xcfilelist",
			);
			runOnlyForDeploymentPostprocessing = 0;
			shellPath = /bin/sh;
			shellScript = "\"${PODS_ROOT}/Target Support Files/Pods-PanCard/Pods-PanCard-frameworks.sh\"\n";
			showEnvVarsInLog = 0;
		};
/* End PBXShellScriptBuildPhase section */

/* Begin PBXSourcesBuildPhase section */
		BF5DCE7A283328B400D52EF6 /* Sources */ = {
			isa = PBXSourcesBuildPhase;
			buildActionMask = 2147483647;
			files = (
				BF5B9DD42837162A00361D41 /* BaseViewController.swift in Sources */,
				BF5DCEA92834590D00D52EF6 /* ScanQRCodeViewController.swift in Sources */,
				BF5DCEB0283667C300D52EF6 /* FontProvider.swift in Sources */,
				BF5DCEA6283458E200D52EF6 /* PanCardViewController.swift in Sources */,
				BF5DCE9F2834588600D52EF6 /* LoginViewController.swift in Sources */,
				BF5DCEB628367E5000D52EF6 /* BorderButton.swift in Sources */,
				BF5DCE82283328B400D52EF6 /* AppDelegate.swift in Sources */,
				BF5DCEA3283458AB00D52EF6 /* ProfileViewController.swift in Sources */,
				BF5DCEAB2834592A00D52EF6 /* ShowCardsViewController.swift in Sources */,
				BF5DCEAE2835A22A00D52EF6 /* HexString.swift in Sources */,
				BF5DCE84283328B400D52EF6 /* SceneDelegate.swift in Sources */,
				BF5DCEA12834589800D52EF6 /* RegisterViewController.swift in Sources */,
				BF5DCEB82836816D00D52EF6 /* BorderTextField.swift in Sources */,
			);
			runOnlyForDeploymentPostprocessing = 0;
		};
/* End PBXSourcesBuildPhase section */

/* Begin PBXVariantGroup section */
		BF5DCE87283328B400D52EF6 /* Main.storyboard */ = {
			isa = PBXVariantGroup;
			children = (
				BF5DCE88283328B400D52EF6 /* Base */,
			);
			name = Main.storyboard;
			sourceTree = "<group>";
		};
		BF5DCE8F283328B500D52EF6 /* LaunchScreen.storyboard */ = {
			isa = PBXVariantGroup;
			children = (
				BF5DCE90283328B500D52EF6 /* Base */,
			);
			name = LaunchScreen.storyboard;
			sourceTree = "<group>";
		};
/* End PBXVariantGroup section */

/* Begin XCBuildConfiguration section */
		BF5DCE93283328B500D52EF6 /* Debug */ = {
			isa = XCBuildConfiguration;
			buildSettings = {
				ALWAYS_SEARCH_USER_PATHS = NO;
				CLANG_ANALYZER_NONNULL = YES;
				CLANG_ANALYZER_NUMBER_OBJECT_CONVERSION = YES_AGGRESSIVE;
				CLANG_CXX_LANGUAGE_STANDARD = "gnu++17";
				CLANG_ENABLE_MODULES = YES;
				CLANG_ENABLE_OBJC_ARC = YES;
				CLANG_ENABLE_OBJC_WEAK = YES;
				CLANG_WARN_BLOCK_CAPTURE_AUTORELEASING = YES;
				CLANG_WARN_BOOL_CONVERSION = YES;
				CLANG_WARN_COMMA = YES;
				CLANG_WARN_CONSTANT_CONVERSION = YES;
				CLANG_WARN_DEPRECATED_OBJC_IMPLEMENTATIONS = YES;
				CLANG_WARN_DIRECT_OBJC_ISA_USAGE = YES_ERROR;
				CLANG_WARN_DOCUMENTATION_COMMENTS = YES;
				CLANG_WARN_EMPTY_BODY = YES;
				CLANG_WARN_ENUM_CONVERSION = YES;
				CLANG_WARN_INFINITE_RECURSION = YES;
				CLANG_WARN_INT_CONVERSION = YES;
				CLANG_WARN_NON_LITERAL_NULL_CONVERSION = YES;
				CLANG_WARN_OBJC_IMPLICIT_RETAIN_SELF = YES;
				CLANG_WARN_OBJC_LITERAL_CONVERSION = YES;
				CLANG_WARN_OBJC_ROOT_CLASS = YES_ERROR;
				CLANG_WARN_QUOTED_INCLUDE_IN_FRAMEWORK_HEADER = YES;
				CLANG_WARN_RANGE_LOOP_ANALYSIS = YES;
				CLANG_WARN_STRICT_PROTOTYPES = YES;
				CLANG_WARN_SUSPICIOUS_MOVE = YES;
				CLANG_WARN_UNGUARDED_AVAILABILITY = YES_AGGRESSIVE;
				CLANG_WARN_UNREACHABLE_CODE = YES;
				CLANG_WARN__DUPLICATE_METHOD_MATCH = YES;
				COPY_PHASE_STRIP = NO;
				DEBUG_INFORMATION_FORMAT = dwarf;
				ENABLE_STRICT_OBJC_MSGSEND = YES;
				ENABLE_TESTABILITY = YES;
				GCC_C_LANGUAGE_STANDARD = gnu11;
				GCC_DYNAMIC_NO_PIC = NO;
				GCC_NO_COMMON_BLOCKS = YES;
				GCC_OPTIMIZATION_LEVEL = 0;
				GCC_PREPROCESSOR_DEFINITIONS = (
					"DEBUG=1",
					"$(inherited)",
				);
				GCC_WARN_64_TO_32_BIT_CONVERSION = YES;
				GCC_WARN_ABOUT_RETURN_TYPE = YES_ERROR;
				GCC_WARN_UNDECLARED_SELECTOR = YES;
				GCC_WARN_UNINITIALIZED_AUTOS = YES_AGGRESSIVE;
				GCC_WARN_UNUSED_FUNCTION = YES;
				GCC_WARN_UNUSED_VARIABLE = YES;
				IPHONEOS_DEPLOYMENT_TARGET = 15.4;
				MTL_ENABLE_DEBUG_INFO = INCLUDE_SOURCE;
				MTL_FAST_MATH = YES;
				ONLY_ACTIVE_ARCH = YES;
				SDKROOT = iphoneos;
				SWIFT_ACTIVE_COMPILATION_CONDITIONS = DEBUG;
				SWIFT_OPTIMIZATION_LEVEL = "-Onone";
			};
			name = Debug;
		};
		BF5DCE94283328B500D52EF6 /* Release */ = {
			isa = XCBuildConfiguration;
			buildSettings = {
				ALWAYS_SEARCH_USER_PATHS = NO;
				CLANG_ANALYZER_NONNULL = YES;
				CLANG_ANALYZER_NUMBER_OBJECT_CONVERSION = YES_AGGRESSIVE;
				CLANG_CXX_LANGUAGE_STANDARD = "gnu++17";
				CLANG_ENABLE_MODULES = YES;
				CLANG_ENABLE_OBJC_ARC = YES;
				CLANG_ENABLE_OBJC_WEAK = YES;
				CLANG_WARN_BLOCK_CAPTURE_AUTORELEASING = YES;
				CLANG_WARN_BOOL_CONVERSION = YES;
				CLANG_WARN_COMMA = YES;
				CLANG_WARN_CONSTANT_CONVERSION = YES;
				CLANG_WARN_DEPRECATED_OBJC_IMPLEMENTATIONS = YES;
				CLANG_WARN_DIRECT_OBJC_ISA_USAGE = YES_ERROR;
				CLANG_WARN_DOCUMENTATION_COMMENTS = YES;
				CLANG_WARN_EMPTY_BODY = YES;
				CLANG_WARN_ENUM_CONVERSION = YES;
				CLANG_WARN_INFINITE_RECURSION = YES;
				CLANG_WARN_INT_CONVERSION = YES;
				CLANG_WARN_NON_LITERAL_NULL_CONVERSION = YES;
				CLANG_WARN_OBJC_IMPLICIT_RETAIN_SELF = YES;
				CLANG_WARN_OBJC_LITERAL_CONVERSION = YES;
				CLANG_WARN_OBJC_ROOT_CLASS = YES_ERROR;
				CLANG_WARN_QUOTED_INCLUDE_IN_FRAMEWORK_HEADER = YES;
				CLANG_WARN_RANGE_LOOP_ANALYSIS = YES;
				CLANG_WARN_STRICT_PROTOTYPES = YES;
				CLANG_WARN_SUSPICIOUS_MOVE = YES;
				CLANG_WARN_UNGUARDED_AVAILABILITY = YES_AGGRESSIVE;
				CLANG_WARN_UNREACHABLE_CODE = YES;
				CLANG_WARN__DUPLICATE_METHOD_MATCH = YES;
				COPY_PHASE_STRIP = NO;
				DEBUG_INFORMATION_FORMAT = "dwarf-with-dsym";
				ENABLE_NS_ASSERTIONS = NO;
				ENABLE_STRICT_OBJC_MSGSEND = YES;
				GCC_C_LANGUAGE_STANDARD = gnu11;
				GCC_NO_COMMON_BLOCKS = YES;
				GCC_WARN_64_TO_32_BIT_CONVERSION = YES;
				GCC_WARN_ABOUT_RETURN_TYPE = YES_ERROR;
				GCC_WARN_UNDECLARED_SELECTOR = YES;
				GCC_WARN_UNINITIALIZED_AUTOS = YES_AGGRESSIVE;
				GCC_WARN_UNUSED_FUNCTION = YES;
				GCC_WARN_UNUSED_VARIABLE = YES;
				IPHONEOS_DEPLOYMENT_TARGET = 15.4;
				MTL_ENABLE_DEBUG_INFO = NO;
				MTL_FAST_MATH = YES;
				SDKROOT = iphoneos;
				SWIFT_COMPILATION_MODE = wholemodule;
				SWIFT_OPTIMIZATION_LEVEL = "-O";
				VALIDATE_PRODUCT = YES;
			};
			name = Release;
		};
		BF5DCE96283328B500D52EF6 /* Debug */ = {
			isa = XCBuildConfiguration;
			baseConfigurationReference = C6AB2CE77A935BD97FE1B35E /* Pods-PanCard.debug.xcconfig */;
			buildSettings = {
				ASSETCATALOG_COMPILER_APPICON_NAME = AppIcon;
				ASSETCATALOG_COMPILER_GLOBAL_ACCENT_COLOR_NAME = AccentColor;
				CODE_SIGN_STYLE = Automatic;
				CURRENT_PROJECT_VERSION = 1;
				DEVELOPMENT_TEAM = QQ74U7T9T3;
				GENERATE_INFOPLIST_FILE = YES;
				INFOPLIST_FILE = PanCard/Info.plist;
				INFOPLIST_KEY_UIApplicationSupportsIndirectInputEvents = YES;
				INFOPLIST_KEY_UILaunchStoryboardName = LaunchScreen;
				INFOPLIST_KEY_UIMainStoryboardFile = Main;
				INFOPLIST_KEY_UISupportedInterfaceOrientations_iPad = "UIInterfaceOrientationPortrait UIInterfaceOrientationPortraitUpsideDown UIInterfaceOrientationLandscapeLeft UIInterfaceOrientationLandscapeRight";
				INFOPLIST_KEY_UISupportedInterfaceOrientations_iPhone = "UIInterfaceOrientationPortrait UIInterfaceOrientationLandscapeLeft UIInterfaceOrientationLandscapeRight";
				LD_RUNPATH_SEARCH_PATHS = (
					"$(inherited)",
					"@executable_path/Frameworks",
				);
				MARKETING_VERSION = 1.0;
				PRODUCT_BUNDLE_IDENTIFIER = com.huyhdq.PanCard;
				PRODUCT_NAME = "$(TARGET_NAME)";
				SWIFT_EMIT_LOC_STRINGS = YES;
				SWIFT_VERSION = 5.0;
				TARGETED_DEVICE_FAMILY = "1,2";
			};
			name = Debug;
		};
		BF5DCE97283328B500D52EF6 /* Release */ = {
			isa = XCBuildConfiguration;
			baseConfigurationReference = D0A23031564E5720C5AD085B /* Pods-PanCard.release.xcconfig */;
			buildSettings = {
				ASSETCATALOG_COMPILER_APPICON_NAME = AppIcon;
				ASSETCATALOG_COMPILER_GLOBAL_ACCENT_COLOR_NAME = AccentColor;
				CODE_SIGN_STYLE = Automatic;
				CURRENT_PROJECT_VERSION = 1;
				DEVELOPMENT_TEAM = QQ74U7T9T3;
				GENERATE_INFOPLIST_FILE = YES;
				INFOPLIST_FILE = PanCard/Info.plist;
				INFOPLIST_KEY_UIApplicationSupportsIndirectInputEvents = YES;
				INFOPLIST_KEY_UILaunchStoryboardName = LaunchScreen;
				INFOPLIST_KEY_UIMainStoryboardFile = Main;
				INFOPLIST_KEY_UISupportedInterfaceOrientations_iPad = "UIInterfaceOrientationPortrait UIInterfaceOrientationPortraitUpsideDown UIInterfaceOrientationLandscapeLeft UIInterfaceOrientationLandscapeRight";
				INFOPLIST_KEY_UISupportedInterfaceOrientations_iPhone = "UIInterfaceOrientationPortrait UIInterfaceOrientationLandscapeLeft UIInterfaceOrientationLandscapeRight";
				LD_RUNPATH_SEARCH_PATHS = (
					"$(inherited)",
					"@executable_path/Frameworks",
				);
				MARKETING_VERSION = 1.0;
				PRODUCT_BUNDLE_IDENTIFIER = com.huyhdq.PanCard;
				PRODUCT_NAME = "$(TARGET_NAME)";
				SWIFT_EMIT_LOC_STRINGS = YES;
				SWIFT_VERSION = 5.0;
				TARGETED_DEVICE_FAMILY = "1,2";
			};
			name = Release;
		};
/* End XCBuildConfiguration section */

/* Begin XCConfigurationList section */
		BF5DCE79283328B400D52EF6 /* Build configuration list for PBXProject "PanCard" */ = {
			isa = XCConfigurationList;
			buildConfigurations = (
				BF5DCE93283328B500D52EF6 /* Debug */,
				BF5DCE94283328B500D52EF6 /* Release */,
			);
			defaultConfigurationIsVisible = 0;
			defaultConfigurationName = Release;
		};
		BF5DCE95283328B500D52EF6 /* Build configuration list for PBXNativeTarget "PanCard" */ = {
			isa = XCConfigurationList;
			buildConfigurations = (
				BF5DCE96283328B500D52EF6 /* Debug */,
				BF5DCE97283328B500D52EF6 /* Release */,
			);
			defaultConfigurationIsVisible = 0;
			defaultConfigurationName = Release;
		};
/* End XCConfigurationList section */
	};
	rootObject = BF5DCE76283328B400D52EF6 /* Project object */;
}
